
Microsoft Visual Studio Solution File, Format Version 12.00
# Visual Studio Version 17
VisualStudioVersion = 17.1.32319.34
MinimumVisualStudioVersion = 10.0.40219.1
Project("{9A19103F-16F7-4668-BE54-9A1E7A4F7556}") = "Trend.API", "Trend.API\Trend.API.csproj", "{08DC5FFC-97C1-487D-9AC5-513CF35B1028}"
EndProject
Project("{FAE04EC0-301F-11D3-BF4B-00C04F79EFBC}") = "Trend.Test", "Trend.Test\Trend.Test.csproj", "{054E3469-A42A-4E8C-A1DF-0E2499C8B233}"
EndProject
Global
	GlobalSection(SolutionConfigurationPlatforms) = preSolution
		Debug|Any CPU = Debug|Any CPU
		Release|Any CPU = Release|Any CPU
	EndGlobalSection
	GlobalSection(ProjectConfigurationPlatforms) = postSolution
		{08DC5FFC-97C1-487D-9AC5-513CF35B1028}.Debug|Any CPU.ActiveCfg = Debug|Any CPU
		{08DC5FFC-97C1-487D-9AC5-513CF35B1028}.Debug|Any CPU.Build.0 = Debug|Any CPU
		{08DC5FFC-97C1-487D-9AC5-513CF35B1028}.Release|Any CPU.ActiveCfg = Release|Any CPU
		{08DC5FFC-97C1-487D-9AC5-513CF35B1028}.Release|Any CPU.Build.0 = Release|Any CPU
		{054E3469-A42A-4E8C-A1DF-0E2499C8B233}.Debug|Any CPU.ActiveCfg = Debug|Any CPU
		{054E3469-A42A-4E8C-A1DF-0E2499C8B233}.Debug|Any CPU.Build.0 = Debug|Any CPU
		{054E3469-A42A-4E8C-A1DF-0E2499C8B233}.Release|Any CPU.ActiveCfg = Release|Any CPU
		{054E3469-A42A-4E8C-A1DF-0E2499C8B233}.Release|Any CPU.Build.0 = Release|Any CPU
	EndGlobalSection
	GlobalSection(SolutionProperties) = preSolution
		HideSolutionNode = FALSE
	EndGlobalSection
	GlobalSection(ExtensibilityGlobals) = postSolution
		SolutionGuid = {DDE98BBB-E75A-4BAD-9232-48874477A184}
	EndGlobalSection
EndGlobal
